
Microsoft Visual Studio Solution File, Format Version 12.00
# Visual Studio Version 17
VisualStudioVersion = 17.4.33403.182
MinimumVisualStudioVersion = 10.0.40219.1
Project("{FAE04EC0-301F-11D3-BF4B-00C04F79EFBC}") = "Geolocalizacion.ASP.NET", "Geolocalizacion.ASP.NET\Geolocalizacion.ASP.NET.csproj", "{89F0A65F-E7C3-4AAB-A14B-1AA90C461F01}"
EndProject
Global
	GlobalSection(SolutionConfigurationPlatforms) = preSolution
		Debug|Any CPU = Debug|Any CPU
		Release|Any CPU = Release|Any CPU
	EndGlobalSection
	GlobalSection(ProjectConfigurationPlatforms) = postSolution
		{89F0A65F-E7C3-4AAB-A14B-1AA90C461F01}.Debug|Any CPU.ActiveCfg = Debug|Any CPU
		{89F0A65F-E7C3-4AAB-A14B-1AA90C461F01}.Debug|Any CPU.Build.0 = Debug|Any CPU
		{89F0A65F-E7C3-4AAB-A14B-1AA90C461F01}.Release|Any CPU.ActiveCfg = Release|Any CPU
		{89F0A65F-E7C3-4AAB-A14B-1AA90C461F01}.Release|Any CPU.Build.0 = Release|Any CPU
	EndGlobalSection
	GlobalSection(SolutionProperties) = preSolution
		HideSolutionNode = FALSE
	EndGlobalSection
	GlobalSection(ExtensibilityGlobals) = postSolution
		SolutionGuid = {B9A7B1B6-9B66-42C2-A894-60A1FF0B8976}
	EndGlobalSection
EndGlobal
